{
  "name": "astro-paper",
  "version": "4.2.0",
  "lockfileVersion": 1,
  "requires": true,
  "dependencies": {
    "@types/hast": {
      "version": "2.3.10",
      "resolved": "https://registry.npmjs.org/@types/hast/-/hast-2.3.10.tgz",
      "integrity": "sha512-McWspRw8xx8J9HurkVBfYj0xKoE25tOFlHGdx4MJ5xORQrMGZNqJhVQWaIbm6Oyla5kYOXtDiopzKRJzEOkwJw==",
      "requires": {
        "@types/unist": "^2"
      }
    },
    "@types/mdast": {
      "version": "3.0.15",
      "resolved": "https://registry.npmjs.org/@types/mdast/-/mdast-3.0.15.tgz",
      "integrity": "sha512-LnwD+mUEfxWMa1QpDraczIn6k0Ee3SMicuYSSzS6ZYl2gKS09EClnJYGd8Du6rfc5r/GZEk5o1mRb8TaTj03sQ==",
      "requires": {
        "@types/unist": "^2"
      }
    },
    "@types/unist": {
      "version": "2.0.10",
      "resolved": "https://registry.npmjs.org/@types/unist/-/unist-2.0.10.tgz",
      "integrity": "sha512-IfYcSBWE3hLpBg8+X2SEa8LVkJdJEkT2Ese2aaLs3ptGdVtABxndrMaxuFlQ1qdFf9Q5rDvDpxI3WwgvKFAsQA=="
    },
    "bail": {
      "version": "2.0.2",
      "resolved": "https://registry.npmjs.org/bail/-/bail-2.0.2.tgz",
      "integrity": "sha512-0xO6mYd7JB2YesxDKplafRpsiOzPt9V02ddPCLbY1xYGPOX24NTyN50qnUxgCPcSoYMhKpAuBTjQoRZCAkUDRw=="
    },
    "extend": {
      "version": "3.0.2",
      "resolved": "https://registry.npmjs.org/extend/-/extend-3.0.2.tgz",
      "integrity": "sha512-fjquC59cD7CyW6urNXK0FBufkZcoiGG80wTuPujX590cB5Ttln20E2UB4S/WARVqhXffZl2LNgS+gQdPIIim/g=="
    },
    "is-absolute-url": {
      "version": "4.0.1",
      "resolved": "https://registry.npmjs.org/is-absolute-url/-/is-absolute-url-4.0.1.tgz",
      "integrity": "sha512-/51/TKE88Lmm7Gc4/8btclNXWS+g50wXhYJq8HWIBAGUBnoAdRu1aXeh364t/O7wXDAcTJDP8PNuNKWUDWie+A=="
    },
    "is-buffer": {
      "version": "2.0.5",
      "resolved": "https://registry.npmjs.org/is-buffer/-/is-buffer-2.0.5.tgz",
      "integrity": "sha512-i2R6zNFDwgEHJyQUtJEk0XFi1i0dPFn/oqjK3/vPCcDeJvW5NQ83V8QbicfF1SupOaB0h8ntgBC2YiE7dfyctQ=="
    },
    "is-plain-obj": {
      "version": "4.1.0",
      "resolved": "https://registry.npmjs.org/is-plain-obj/-/is-plain-obj-4.1.0.tgz",
      "integrity": "sha512-+Pgi+vMuUNkJyExiMBt5IlFoMyKnr5zhJ4Uspz58WOhBF5QoIZkFyNHIbBAtHwzVAgk5RtndVNsDRN61/mmDqg=="
    },
    "mdast-util-definitions": {
      "version": "5.1.2",
      "resolved": "https://registry.npmjs.org/mdast-util-definitions/-/mdast-util-definitions-5.1.2.tgz",
      "integrity": "sha512-8SVPMuHqlPME/z3gqVwWY4zVXn8lqKv/pAhC57FuJ40ImXyBpmO5ukh98zB2v7Blql2FiHjHv9LVztSIqjY+MA==",
      "requires": {
        "@types/mdast": "^3.0.0",
        "@types/unist": "^2.0.0",
        "unist-util-visit": "^4.0.0"
      }
    },
    "remark-external-links": {
      "version": "9.0.1",
      "resolved": "https://registry.npmjs.org/remark-external-links/-/remark-external-links-9.0.1.tgz",
      "integrity": "sha512-EYw+p8Zqy5oT5+W8iSKzInfRLY+zeKWHCf0ut+Q5SwnaSIDGXd2zzvp4SWqyAuVbinNmZ0zjMrDKaExWZnTYqQ==",
      "requires": {
        "@types/hast": "^2.3.2",
        "@types/mdast": "^3.0.0",
        "extend": "^3.0.0",
        "is-absolute-url": "^4.0.0",
        "mdast-util-definitions": "^5.0.0",
        "space-separated-tokens": "^2.0.0",
        "unified": "^10.0.0",
        "unist-util-visit": "^4.0.0"
      }
    },
    "space-separated-tokens": {
      "version": "2.0.2",
      "resolved": "https://registry.npmjs.org/space-separated-tokens/-/space-separated-tokens-2.0.2.tgz",
      "integrity": "sha512-PEGlAwrG8yXGXRjW32fGbg66JAlOAwbObuqVoJpv/mRgoWDQfgH1wDPvtzWyUSNAXBGSk8h755YDbbcEy3SH2Q=="
    },
    "trough": {
      "version": "2.2.0",
      "resolved": "https://registry.npmjs.org/trough/-/trough-2.2.0.tgz",
      "integrity": "sha512-tmMpK00BjZiUyVyvrBK7knerNgmgvcV/KLVyuma/SC+TQN167GrMRciANTz09+k3zW8L8t60jWO1GpfkZdjTaw=="
    },
    "unified": {
      "version": "10.1.2",
      "resolved": "https://registry.npmjs.org/unified/-/unified-10.1.2.tgz",
      "integrity": "sha512-pUSWAi/RAnVy1Pif2kAoeWNBa3JVrx0MId2LASj8G+7AiHWoKZNTomq6LG326T68U7/e263X6fTdcXIy7XnF7Q==",
      "requires": {
        "@types/unist": "^2.0.0",
        "bail": "^2.0.0",
        "extend": "^3.0.0",
        "is-buffer": "^2.0.0",
        "is-plain-obj": "^4.0.0",
        "trough": "^2.0.0",
        "vfile": "^5.0.0"
      }
    },
    "unist-util-is": {
      "version": "5.2.1",
      "resolved": "https://registry.npmjs.org/unist-util-is/-/unist-util-is-5.2.1.tgz",
      "integrity": "sha512-u9njyyfEh43npf1M+yGKDGVPbY/JWEemg5nH05ncKPfi+kBbKBJoTdsogMu33uhytuLlv9y0O7GH7fEdwLdLQw==",
      "requires": {
        "@types/unist": "^2.0.0"
      }
    },
    "unist-util-stringify-position": {
      "version": "3.0.3",
      "resolved": "https://registry.npmjs.org/unist-util-stringify-position/-/unist-util-stringify-position-3.0.3.tgz",
      "integrity": "sha512-k5GzIBZ/QatR8N5X2y+drfpWG8IDBzdnVj6OInRNWm1oXrzydiaAT2OQiA8DPRRZyAKb9b6I2a6PxYklZD0gKg==",
      "requires": {
        "@types/unist": "^2.0.0"
      }
    },
    "unist-util-visit": {
      "version": "4.1.2",
      "resolved": "https://registry.npmjs.org/unist-util-visit/-/unist-util-visit-4.1.2.tgz",
      "integrity": "sha512-MSd8OUGISqHdVvfY9TPhyK2VdUrPgxkUtWSuMHF6XAAFuL4LokseigBnZtPnJMu+FbynTkFNnFlyjxpVKujMRg==",
      "requires": {
        "@types/unist": "^2.0.0",
        "unist-util-is": "^5.0.0",
        "unist-util-visit-parents": "^5.1.1"
      }
    },
    "unist-util-visit-parents": {
      "version": "5.1.3",
      "resolved": "https://registry.npmjs.org/unist-util-visit-parents/-/unist-util-visit-parents-5.1.3.tgz",
      "integrity": "sha512-x6+y8g7wWMyQhL1iZfhIPhDAs7Xwbn9nRosDXl7qoPTSCy0yNxnKc+hWokFifWQIDGi154rdUqKvbCa4+1kLhg==",
      "requires": {
        "@types/unist": "^2.0.0",
        "unist-util-is": "^5.0.0"
      }
    },
    "vfile": {
      "version": "5.3.7",
      "resolved": "https://registry.npmjs.org/vfile/-/vfile-5.3.7.tgz",
      "integrity": "sha512-r7qlzkgErKjobAmyNIkkSpizsFPYiUPuJb5pNW1RB4JcYVZhs4lIbVqk8XPk033CV/1z8ss5pkax8SuhGpcG8g==",
      "requires": {
        "@types/unist": "^2.0.0",
        "is-buffer": "^2.0.0",
        "unist-util-stringify-position": "^3.0.0",
        "vfile-message": "^3.0.0"
      }
    },
    "vfile-message": {
      "version": "3.1.4",
      "resolved": "https://registry.npmjs.org/vfile-message/-/vfile-message-3.1.4.tgz",
      "integrity": "sha512-fa0Z6P8HUrQN4BZaX05SIVXic+7kE3b05PWAtPuYP9QLHsLKYR7/AlLW3NtOrpXRLeawpDLMsVkmk5DG0NXgWw==",
      "requires": {
        "@types/unist": "^2.0.0",
        "unist-util-stringify-position": "^3.0.0"
      }
    }
  }
}
